hash: 57d8fb2514a310c9548e51a8af68bf3e1925fb46201f08de3a0a36f64fee0027
updated: 2016-10-26T15:55:25.006232215+01:00
imports:
- name: github.com/jessevdk/go-flags
  version: 0648c820cd4e564706597268ae2d2c7d9e6900c6
- name: github.com/mitchellh/go-ps
  version: e2d21980687ce16e58469d98dcee92d27fbbd7fb
testImports:
- name: github.com/onsi/ginkgo
  version: a8ccd817611666211fdf6e6a752174a0db8374a8
  subpackages:
  - config
  - internal/codelocation
  - internal/containernode
  - internal/failer
  - internal/leafnodes
  - internal/remote
  - internal/spec
  - internal/specrunner
  - internal/suite
  - internal/testingtproxy
  - internal/writer
  - reporters
  - reporters/stenographer
  - reporters/stenographer/support/go-colorable
  - reporters/stenographer/support/go-isatty
  - types
- name: github.com/onsi/gomega
  version: 7e2072f716a912a29b2dfa54398faf096a9909e3
  subpackages:
  - format
  - gbytes
  - gexec
  - internal/assertion
  - internal/asyncassertion
  - internal/oraclematcher
  - internal/testingtsupport
  - matchers
  - matchers/support/goraph/bipartitegraph
  - matchers/support/goraph/edge
  - matchers/support/goraph/node
  - matchers/support/goraph/util
  - types
- name: golang.org/x/sys
  version: c200b10b5d5e122be351b67af224adc6128af5bf
  subpackages:
  - unix
- name: gopkg.in/yaml.v2
  version: a5b47d31c556af34a302ce5d659e6fea44d90de0
